
Microsoft Visual Studio Solution File, Format Version 12.00
# Visual Studio Version 16
VisualStudioVersion = 16.0.31005.135
MinimumVisualStudioVersion = 10.0.40219.1
Project("{FAE04EC0-301F-11D3-BF4B-00C04F79EFBC}") = "KittenView.Core", "KittenView.Core\KittenView.Core.csproj", "{F3C5EE6D-73ED-4E03-A2BA-C6FB258B6545}"
EndProject
Project("{FAE04EC0-301F-11D3-BF4B-00C04F79EFBC}") = "KittenView.Droid", "KittenView.Droid\KittenView.Droid.csproj", "{6A128ECD-9190-449A-8F2A-23BCA7D9BB6C}"
EndProject
Global
	GlobalSection(SolutionConfigurationPlatforms) = preSolution
		Debug|Any CPU = Debug|Any CPU
		Release|Any CPU = Release|Any CPU
	EndGlobalSection
	GlobalSection(ProjectConfigurationPlatforms) = postSolution
		{F3C5EE6D-73ED-4E03-A2BA-C6FB258B6545}.Debug|Any CPU.ActiveCfg = Debug|Any CPU
		{F3C5EE6D-73ED-4E03-A2BA-C6FB258B6545}.Debug|Any CPU.Build.0 = Debug|Any CPU
		{F3C5EE6D-73ED-4E03-A2BA-C6FB258B6545}.Release|Any CPU.ActiveCfg = Release|Any CPU
		{F3C5EE6D-73ED-4E03-A2BA-C6FB258B6545}.Release|Any CPU.Build.0 = Release|Any CPU
		{6A128ECD-9190-449A-8F2A-23BCA7D9BB6C}.Debug|Any CPU.ActiveCfg = Debug|Any CPU
		{6A128ECD-9190-449A-8F2A-23BCA7D9BB6C}.Debug|Any CPU.Build.0 = Debug|Any CPU
		{6A128ECD-9190-449A-8F2A-23BCA7D9BB6C}.Debug|Any CPU.Deploy.0 = Debug|Any CPU
		{6A128ECD-9190-449A-8F2A-23BCA7D9BB6C}.Release|Any CPU.ActiveCfg = Release|Any CPU
		{6A128ECD-9190-449A-8F2A-23BCA7D9BB6C}.Release|Any CPU.Build.0 = Release|Any CPU
		{6A128ECD-9190-449A-8F2A-23BCA7D9BB6C}.Release|Any CPU.Deploy.0 = Release|Any CPU
	EndGlobalSection
	GlobalSection(SolutionProperties) = preSolution
		HideSolutionNode = FALSE
	EndGlobalSection
	GlobalSection(ExtensibilityGlobals) = postSolution
		SolutionGuid = {6AFEBE99-E281-43CA-8207-58BC0FB6DC53}
	EndGlobalSection
EndGlobal
